
Microsoft Visual Studio Solution File, Format Version 12.00
# Visual Studio Version 16
VisualStudioVersion = 16.0.30804.86
MinimumVisualStudioVersion = 10.0.40219.1
Project("{2150E333-8FDC-42A3-9474-1A3956D46DE8}") = "Domain", "Domain", "{F923A556-929E-43C6-AD7F-EF139DAEFE84}"
EndProject
Project("{2150E333-8FDC-42A3-9474-1A3956D46DE8}") = "Infra.Bus", "Infra.Bus", "{A3558794-A2A7-4258-A207-A0080CE2F36A}"
EndProject
Project("{2150E333-8FDC-42A3-9474-1A3956D46DE8}") = "Infra.IoC", "Infra.IoC", "{CF2D142B-D240-43C9-BE8D-226FE271CD4F}"
EndProject
Project("{2150E333-8FDC-42A3-9474-1A3956D46DE8}") = "Microservices", "Microservices", "{D293CE45-024A-40F1-9713-CD481D6B6F04}"
EndProject
Project("{2150E333-8FDC-42A3-9474-1A3956D46DE8}") = "Presentation", "Presentation", "{57DA8A6D-63B5-477C-97A7-37BE3F020A95}"
EndProject
Project("{FAE04EC0-301F-11D3-BF4B-00C04F79EFBC}") = "MicroRabbit.Domain.Core", "MicroRabbit.Domain.Core\MicroRabbit.Domain.Core.csproj", "{6AD2B6DF-83DE-4BBF-9A17-AA16C1786051}"
EndProject
Global
	GlobalSection(SolutionConfigurationPlatforms) = preSolution
		Debug|Any CPU = Debug|Any CPU
		Release|Any CPU = Release|Any CPU
	EndGlobalSection
	GlobalSection(ProjectConfigurationPlatforms) = postSolution
		{6AD2B6DF-83DE-4BBF-9A17-AA16C1786051}.Debug|Any CPU.ActiveCfg = Debug|Any CPU
		{6AD2B6DF-83DE-4BBF-9A17-AA16C1786051}.Debug|Any CPU.Build.0 = Debug|Any CPU
		{6AD2B6DF-83DE-4BBF-9A17-AA16C1786051}.Release|Any CPU.ActiveCfg = Release|Any CPU
		{6AD2B6DF-83DE-4BBF-9A17-AA16C1786051}.Release|Any CPU.Build.0 = Release|Any CPU
	EndGlobalSection
	GlobalSection(SolutionProperties) = preSolution
		HideSolutionNode = FALSE
	EndGlobalSection
	GlobalSection(NestedProjects) = preSolution
		{6AD2B6DF-83DE-4BBF-9A17-AA16C1786051} = {F923A556-929E-43C6-AD7F-EF139DAEFE84}
	EndGlobalSection
	GlobalSection(ExtensibilityGlobals) = postSolution
		SolutionGuid = {C43BDA46-7F36-4FEB-AEB7-C2FD2C7E45CD}
	EndGlobalSection
EndGlobal
